// !$*UTF8*$!
{
	archiveVersion = 1;
	classes = {
	};
	objectVersion = 50;
	objects = {

/* Begin PBXBuildFile section */
		B57BDF1B24B071B1003515E8 /* AppDelegate.m in Sources */ = {isa = PBXBuildFile; fileRef = B57BDF1A24B071B1003515E8 /* AppDelegate.m */; };
		B57BDF1E24B071B1003515E8 /* SceneDelegate.m in Sources */ = {isa = PBXBuildFile; fileRef = B57BDF1D24B071B1003515E8 /* SceneDelegate.m */; };
		B57BDF2124B071B1003515E8 /* ViewController.m in Sources */ = {isa = PBXBuildFile; fileRef = B57BDF2024B071B1003515E8 /* ViewController.m */; };
		B57BDF2424B071B1003515E8 /* Main.storyboard in Resources */ = {isa = PBXBuildFile; fileRef = B57BDF2224B071B1003515E8 /* Main.storyboard */; };
		B57BDF2624B071B3003515E8 /* Assets.xcassets in Resources */ = {isa = PBXBuildFile; fileRef = B57BDF2524B071B3003515E8 /* Assets.xcassets */; };
		B57BDF2924B071B3003515E8 /* LaunchScreen.storyboard in Resources */ = {isa = PBXBuildFile; fileRef = B57BDF2724B071B3003515E8 /* LaunchScreen.storyboard */; };
		B57BDF2C24B071B3003515E8 /* main.m in Sources */ = {isa = PBXBuildFile; fileRef = B57BDF2B24B071B3003515E8 /* main.m */; };
		B57BDF3624B071B3003515E8 /* little_todo_iosTests.m in Sources */ = {isa = PBXBuildFile; fileRef = B57BDF3524B071B3003515E8 /* little_todo_iosTests.m */; };
		B57BDF4124B071B3003515E8 /* little_todo_iosUITests.m in Sources */ = {isa = PBXBuildFile; fileRef = B57BDF4024B071B3003515E8 /* little_todo_iosUITests.m */; };
/* End PBXBuildFile section */

/* Begin PBXContainerItemProxy section */
		B57BDF3224B071B3003515E8 /* PBXContainerItemProxy */ = {
			isa = PBXContainerItemProxy;
			containerPortal = B57BDF0E24B071B1003515E8 /* Project object */;
			proxyType = 1;
			remoteGlobalIDString = B57BDF1524B071B1003515E8;
			remoteInfo = "little-todo-ios";
		};
		B57BDF3D24B071B3003515E8 /* PBXContainerItemProxy */ = {
			isa = PBXContainerItemProxy;
			containerPortal = B57BDF0E24B071B1003515E8 /* Project object */;
			proxyType = 1;
			remoteGlobalIDString = B57BDF1524B071B1003515E8;
			remoteInfo = "little-todo-ios";
		};
/* End PBXContainerItemProxy section */

/* Begin PBXFileReference section */
		B57BDF1624B071B1003515E8 /* little-todo-ios.app */ = {isa = PBXFileReference; explicitFileType = wrapper.application; includeInIndex = 0; path = "little-todo-ios.app"; sourceTree = BUILT_PRODUCTS_DIR; };
		B57BDF1924B071B1003515E8 /* AppDelegate.h */ = {isa = PBXFileReference; lastKnownFileType = sourcecode.c.h; path = AppDelegate.h; sourceTree = "<group>"; };
		B57BDF1A24B071B1003515E8 /* AppDelegate.m */ = {isa = PBXFileReference; lastKnownFileType = sourcecode.c.objc; path = AppDelegate.m; sourceTree = "<group>"; };
		B57BDF1C24B071B1003515E8 /* SceneDelegate.h */ = {isa = PBXFileReference; lastKnownFileType = sourcecode.c.h; path = SceneDelegate.h; sourceTree = "<group>"; };
		B57BDF1D24B071B1003515E8 /* SceneDelegate.m */ = {isa = PBXFileReference; lastKnownFileType = sourcecode.c.objc; path = SceneDelegate.m; sourceTree = "<group>"; };
		B57BDF1F24B071B1003515E8 /* ViewController.h */ = {isa = PBXFileReference; lastKnownFileType = sourcecode.c.h; path = ViewController.h; sourceTree = "<group>"; };
		B57BDF2024B071B1003515E8 /* ViewController.m */ = {isa = PBXFileReference; lastKnownFileType = sourcecode.c.objc; path = ViewController.m; sourceTree = "<group>"; };
		B57BDF2324B071B1003515E8 /* Base */ = {isa = PBXFileReference; lastKnownFileType = file.storyboard; name = Base; path = Base.lproj/Main.storyboard; sourceTree = "<group>"; };
		B57BDF2524B071B3003515E8 /* Assets.xcassets */ = {isa = PBXFileReference; lastKnownFileType = folder.assetcatalog; path = Assets.xcassets; sourceTree = "<group>"; };
		B57BDF2824B071B3003515E8 /* Base */ = {isa = PBXFileReference; lastKnownFileType = file.storyboard; name = Base; path = Base.lproj/LaunchScreen.storyboard; sourceTree = "<group>"; };
		B57BDF2A24B071B3003515E8 /* Info.plist */ = {isa = PBXFileReference; lastKnownFileType = text.plist.xml; path = Info.plist; sourceTree = "<group>"; };
		B57BDF2B24B071B3003515E8 /* main.m */ = {isa = PBXFileReference; lastKnownFileType = sourcecode.c.objc; path = main.m; sourceTree = "<group>"; };
		B57BDF3124B071B3003515E8 /* little-todo-iosTests.xctest */ = {isa = PBXFileReference; explicitFileType = wrapper.cfbundle; includeInIndex = 0; path = "little-todo-iosTests.xctest"; sourceTree = BUILT_PRODUCTS_DIR; };
		B57BDF3524B071B3003515E8 /* little_todo_iosTests.m */ = {isa = PBXFileReference; lastKnownFileType = sourcecode.c.objc; path = little_todo_iosTests.m; sourceTree = "<group>"; };
		B57BDF3724B071B3003515E8 /* Info.plist */ = {isa = PBXFileReference; lastKnownFileType = text.plist.xml; path = Info.plist; sourceTree = "<group>"; };
		B57BDF3C24B071B3003515E8 /* little-todo-iosUITests.xctest */ = {isa = PBXFileReference; explicitFileType = wrapper.cfbundle; includeInIndex = 0; path = "little-todo-iosUITests.xctest"; sourceTree = BUILT_PRODUCTS_DIR; };
		B57BDF4024B071B3003515E8 /* little_todo_iosUITests.m */ = {isa = PBXFileReference; lastKnownFileType = sourcecode.c.objc; path = little_todo_iosUITests.m; sourceTree = "<group>"; };
		B57BDF4224B071B3003515E8 /* Info.plist */ = {isa = PBXFileReference; lastKnownFileType = text.plist.xml; path = Info.plist; sourceTree = "<group>"; };
/* End PBXFileReference section */

/* Begin PBXFrameworksBuildPhase section */
		B57BDF1324B071B1003515E8 /* Frameworks */ = {
			isa = PBXFrameworksBuildPhase;
			buildActionMask = 2147483647;
			files = (
			);
			runOnlyForDeploymentPostprocessing = 0;
		};
		B57BDF2E24B071B3003515E8 /* Frameworks */ = {
			isa = PBXFrameworksBuildPhase;
			buildActionMask = 2147483647;
			files = (
			);
			runOnlyForDeploymentPostprocessing = 0;
		};
		B57BDF3924B071B3003515E8 /* Frameworks */ = {
			isa = PBXFrameworksBuildPhase;
			buildActionMask = 2147483647;
			files = (
			);
			runOnlyForDeploymentPostprocessing = 0;
		};
/* End PBXFrameworksBuildPhase section */

/* Begin PBXGroup section */
		B57BDF0D24B071B1003515E8 = {
			isa = PBXGroup;
			children = (
				B57BDF1824B071B1003515E8 /* little-todo-ios */,
				B57BDF3424B071B3003515E8 /* little-todo-iosTests */,
				B57BDF3F24B071B3003515E8 /* little-todo-iosUITests */,
				B57BDF1724B071B1003515E8 /* Products */,
			);
			sourceTree = "<group>";
		};
		B57BDF1724B071B1003515E8 /* Products */ = {
			isa = PBXGroup;
			children = (
				B57BDF1624B071B1003515E8 /* little-todo-ios.app */,
				B57BDF3124B071B3003515E8 /* little-todo-iosTests.xctest */,
				B57BDF3C24B071B3003515E8 /* little-todo-iosUITests.xctest */,
			);
			name = Products;
			sourceTree = "<group>";
		};
		B57BDF1824B071B1003515E8 /* little-todo-ios */ = {
			isa = PBXGroup;
			children = (
				B57BDF1924B071B1003515E8 /* AppDelegate.h */,
				B57BDF1A24B071B1003515E8 /* AppDelegate.m */,
				B57BDF1C24B071B1003515E8 /* SceneDelegate.h */,
				B57BDF1D24B071B1003515E8 /* SceneDelegate.m */,
				B57BDF1F24B071B1003515E8 /* ViewController.h */,
				B57BDF2024B071B1003515E8 /* ViewController.m */,
				B57BDF2224B071B1003515E8 /* Main.storyboard */,
				B57BDF2524B071B3003515E8 /* Assets.xcassets */,
				B57BDF2724B071B3003515E8 /* LaunchScreen.storyboard */,
				B57BDF2A24B071B3003515E8 /* Info.plist */,
				B57BDF2B24B071B3003515E8 /* main.m */,
			);
			path = "little-todo-ios";
			sourceTree = "<group>";
		};
		B57BDF3424B071B3003515E8 /* little-todo-iosTests */ = {
			isa = PBXGroup;
			children = (
				B57BDF3524B071B3003515E8 /* little_todo_iosTests.m */,
				B57BDF3724B071B3003515E8 /* Info.plist */,
			);
			path = "little-todo-iosTests";
			sourceTree = "<group>";
		};
		B57BDF3F24B071B3003515E8 /* little-todo-iosUITests */ = {
			isa = PBXGroup;
			children = (
				B57BDF4024B071B3003515E8 /* little_todo_iosUITests.m */,
				B57BDF4224B071B3003515E8 /* Info.plist */,
			);
			path = "little-todo-iosUITests";
			sourceTree = "<group>";
		};
/* End PBXGroup section */

/* Begin PBXNativeTarget section */
		B57BDF1524B071B1003515E8 /* little-todo-ios */ = {
			isa = PBXNativeTarget;
			buildConfigurationList = B57BDF4524B071B3003515E8 /* Build configuration list for PBXNativeTarget "little-todo-ios" */;
			buildPhases = (
				B57BDF1224B071B1003515E8 /* Sources */,
				B57BDF1324B071B1003515E8 /* Frameworks */,
				B57BDF1424B071B1003515E8 /* Resources */,
			);
			buildRules = (
			);
			dependencies = (
			);
			name = "little-todo-ios";
			productName = "little-todo-ios";
			productReference = B57BDF1624B071B1003515E8 /* little-todo-ios.app */;
			productType = "com.apple.product-type.application";
		};
		B57BDF3024B071B3003515E8 /* little-todo-iosTests */ = {
			isa = PBXNativeTarget;
			buildConfigurationList = B57BDF4824B071B3003515E8 /* Build configuration list for PBXNativeTarget "little-todo-iosTests" */;
			buildPhases = (
				B57BDF2D24B071B3003515E8 /* Sources */,
				B57BDF2E24B071B3003515E8 /* Frameworks */,
				B57BDF2F24B071B3003515E8 /* Resources */,
			);
			buildRules = (
			);
			dependencies = (
				B57BDF3324B071B3003515E8 /* PBXTargetDependency */,
			);
			name = "little-todo-iosTests";
			productName = "little-todo-iosTests";
			productReference = B57BDF3124B071B3003515E8 /* little-todo-iosTests.xctest */;
			productType = "com.apple.product-type.bundle.unit-test";
		};
		B57BDF3B24B071B3003515E8 /* little-todo-iosUITests */ = {
			isa = PBXNativeTarget;
			buildConfigurationList = B57BDF4B24B071B3003515E8 /* Build configuration list for PBXNativeTarget "little-todo-iosUITests" */;
			buildPhases = (
				B57BDF3824B071B3003515E8 /* Sources */,
				B57BDF3924B071B3003515E8 /* Frameworks */,
				B57BDF3A24B071B3003515E8 /* Resources */,
			);
			buildRules = (
			);
			dependencies = (
				B57BDF3E24B071B3003515E8 /* PBXTargetDependency */,
			);
			name = "little-todo-iosUITests";
			productName = "little-todo-iosUITests";
			productReference = B57BDF3C24B071B3003515E8 /* little-todo-iosUITests.xctest */;
			productType = "com.apple.product-type.bundle.ui-testing";
		};
/* End PBXNativeTarget section */

/* Begin PBXProject section */
		B57BDF0E24B071B1003515E8 /* Project object */ = {
			isa = PBXProject;
			attributes = {
				LastUpgradeCheck = 1150;
				ORGANIZATIONNAME = ybwdaisy;
				TargetAttributes = {
					B57BDF1524B071B1003515E8 = {
						CreatedOnToolsVersion = 11.5;
					};
					B57BDF3024B071B3003515E8 = {
						CreatedOnToolsVersion = 11.5;
						TestTargetID = B57BDF1524B071B1003515E8;
					};
					B57BDF3B24B071B3003515E8 = {
						CreatedOnToolsVersion = 11.5;
						TestTargetID = B57BDF1524B071B1003515E8;
					};
				};
			};
			buildConfigurationList = B57BDF1124B071B1003515E8 /* Build configuration list for PBXProject "little-todo-ios" */;
			compatibilityVersion = "Xcode 9.3";
			developmentRegion = en;
			hasScannedForEncodings = 0;
			knownRegions = (
				en,
				Base,
			);
			mainGroup = B57BDF0D24B071B1003515E8;
			productRefGroup = B57BDF1724B071B1003515E8 /* Products */;
			projectDirPath = "";
			projectRoot = "";
			targets = (
				B57BDF1524B071B1003515E8 /* little-todo-ios */,
				B57BDF3024B071B3003515E8 /* little-todo-iosTests */,
				B57BDF3B24B071B3003515E8 /* little-todo-iosUITests */,
			);
		};
/* End PBXProject section */

/* Begin PBXResourcesBuildPhase section */
		B57BDF1424B071B1003515E8 /* Resources */ = {
			isa = PBXResourcesBuildPhase;
			buildActionMask = 2147483647;
			files = (
				B57BDF2924B071B3003515E8 /* LaunchScreen.storyboard in Resources */,
				B57BDF2624B071B3003515E8 /* Assets.xcassets in Resources */,
				B57BDF2424B071B1003515E8 /* Main.storyboard in Resources */,
			);
			runOnlyForDeploymentPostprocessing = 0;
		};
		B57BDF2F24B071B3003515E8 /* Resources */ = {
			isa = PBXResourcesBuildPhase;
			buildActionMask = 2147483647;
			files = (
			);
			runOnlyForDeploymentPostprocessing = 0;
		};
		B57BDF3A24B071B3003515E8 /* Resources */ = {
			isa = PBXResourcesBuildPhase;
			buildActionMask = 2147483647;
			files = (
			);
			runOnlyForDeploymentPostprocessing = 0;
		};
/* End PBXResourcesBuildPhase section */

/* Begin PBXSourcesBuildPhase section */
		B57BDF1224B071B1003515E8 /* Sources */ = {
			isa = PBXSourcesBuildPhase;
			buildActionMask = 2147483647;
			files = (
				B57BDF2124B071B1003515E8 /* ViewController.m in Sources */,
				B57BDF1B24B071B1003515E8 /* AppDelegate.m in Sources */,
				B57BDF2C24B071B3003515E8 /* main.m in Sources */,
				B57BDF1E24B071B1003515E8 /* SceneDelegate.m in Sources */,
			);
			runOnlyForDeploymentPostprocessing = 0;
		};
		B57BDF2D24B071B3003515E8 /* Sources */ = {
			isa = PBXSourcesBuildPhase;
			buildActionMask = 2147483647;
			files = (
				B57BDF3624B071B3003515E8 /* little_todo_iosTests.m in Sources */,
			);
			runOnlyForDeploymentPostprocessing = 0;
		};
		B57BDF3824B071B3003515E8 /* Sources */ = {
			isa = PBXSourcesBuildPhase;
			buildActionMask = 2147483647;
			files = (
				B57BDF4124B071B3003515E8 /* little_todo_iosUITests.m in Sources */,
			);
			runOnlyForDeploymentPostprocessing = 0;
		};
/* End PBXSourcesBuildPhase section */

/* Begin PBXTargetDependency section */
		B57BDF3324B071B3003515E8 /* PBXTargetDependency */ = {
			isa = PBXTargetDependency;
			target = B57BDF1524B071B1003515E8 /* little-todo-ios */;
			targetProxy = B57BDF3224B071B3003515E8 /* PBXContainerItemProxy */;
		};
		B57BDF3E24B071B3003515E8 /* PBXTargetDependency */ = {
			isa = PBXTargetDependency;
			target = B57BDF1524B071B1003515E8 /* little-todo-ios */;
			targetProxy = B57BDF3D24B071B3003515E8 /* PBXContainerItemProxy */;
		};
/* End PBXTargetDependency section */

/* Begin PBXVariantGroup section */
		B57BDF2224B071B1003515E8 /* Main.storyboard */ = {
			isa = PBXVariantGroup;
			children = (
				B57BDF2324B071B1003515E8 /* Base */,
			);
			name = Main.storyboard;
			sourceTree = "<group>";
		};
		B57BDF2724B071B3003515E8 /* LaunchScreen.storyboard */ = {
			isa = PBXVariantGroup;
			children = (
				B57BDF2824B071B3003515E8 /* Base */,
			);
			name = LaunchScreen.storyboard;
			sourceTree = "<group>";
		};
/* End PBXVariantGroup section */

/* Begin XCBuildConfiguration section */
		B57BDF4324B071B3003515E8 /* Debug */ = {
			isa = XCBuildConfiguration;
			buildSettings = {
				ALWAYS_SEARCH_USER_PATHS = NO;
				CLANG_ANALYZER_NONNULL = YES;
				CLANG_ANALYZER_NUMBER_OBJECT_CONVERSION = YES_AGGRESSIVE;
				CLANG_CXX_LANGUAGE_STANDARD = "gnu++14";
				CLANG_CXX_LIBRARY = "libc++";
				CLANG_ENABLE_MODULES = YES;
				CLANG_ENABLE_OBJC_ARC = YES;
				CLANG_ENABLE_OBJC_WEAK = YES;
				CLANG_WARN_BLOCK_CAPTURE_AUTORELEASING = YES;
				CLANG_WARN_BOOL_CONVERSION = YES;
				CLANG_WARN_COMMA = YES;
				CLANG_WARN_CONSTANT_CONVERSION = YES;
				CLANG_WARN_DEPRECATED_OBJC_IMPLEMENTATIONS = YES;
				CLANG_WARN_DIRECT_OBJC_ISA_USAGE = YES_ERROR;
				CLANG_WARN_DOCUMENTATION_COMMENTS = YES;
				CLANG_WARN_EMPTY_BODY = YES;
				CLANG_WARN_ENUM_CONVERSION = YES;
				CLANG_WARN_INFINITE_RECURSION = YES;
				CLANG_WARN_INT_CONVERSION = YES;
				CLANG_WARN_NON_LITERAL_NULL_CONVERSION = YES;
				CLANG_WARN_OBJC_IMPLICIT_RETAIN_SELF = YES;
				CLANG_WARN_OBJC_LITERAL_CONVERSION = YES;
				CLANG_WARN_OBJC_ROOT_CLASS = YES_ERROR;
				CLANG_WARN_RANGE_LOOP_ANALYSIS = YES;
				CLANG_WARN_STRICT_PROTOTYPES = YES;
				CLANG_WARN_SUSPICIOUS_MOVE = YES;
				CLANG_WARN_UNGUARDED_AVAILABILITY = YES_AGGRESSIVE;
				CLANG_WARN_UNREACHABLE_CODE = YES;
				CLANG_WARN__DUPLICATE_METHOD_MATCH = YES;
				COPY_PHASE_STRIP = NO;
				DEBUG_INFORMATION_FORMAT = dwarf;
				ENABLE_STRICT_OBJC_MSGSEND = YES;
				ENABLE_TESTABILITY = YES;
				GCC_C_LANGUAGE_STANDARD = gnu11;
				GCC_DYNAMIC_NO_PIC = NO;
				GCC_NO_COMMON_BLOCKS = YES;
				GCC_OPTIMIZATION_LEVEL = 0;
				GCC_PREPROCESSOR_DEFINITIONS = (
					"DEBUG=1",
					"$(inherited)",
				);
				GCC_WARN_64_TO_32_BIT_CONVERSION = YES;
				GCC_WARN_ABOUT_RETURN_TYPE = YES_ERROR;
				GCC_WARN_UNDECLARED_SELECTOR = YES;
				GCC_WARN_UNINITIALIZED_AUTOS = YES_AGGRESSIVE;
				GCC_WARN_UNUSED_FUNCTION = YES;
				GCC_WARN_UNUSED_VARIABLE = YES;
				IPHONEOS_DEPLOYMENT_TARGET = 13.5;
				MTL_ENABLE_DEBUG_INFO = INCLUDE_SOURCE;
				MTL_FAST_MATH = YES;
				ONLY_ACTIVE_ARCH = YES;
				SDKROOT = iphoneos;
			};
			name = Debug;
		};
		B57BDF4424B071B3003515E8 /* Release */ = {
			isa = XCBuildConfiguration;
			buildSettings = {
				ALWAYS_SEARCH_USER_PATHS = NO;
				CLANG_ANALYZER_NONNULL = YES;
				CLANG_ANALYZER_NUMBER_OBJECT_CONVERSION = YES_AGGRESSIVE;
				CLANG_CXX_LANGUAGE_STANDARD = "gnu++14";
				CLANG_CXX_LIBRARY = "libc++";
				CLANG_ENABLE_MODULES = YES;
				CLANG_ENABLE_OBJC_ARC = YES;
				CLANG_ENABLE_OBJC_WEAK = YES;
				CLANG_WARN_BLOCK_CAPTURE_AUTORELEASING = YES;
				CLANG_WARN_BOOL_CONVERSION = YES;
				CLANG_WARN_COMMA = YES;
				CLANG_WARN_CONSTANT_CONVERSION = YES;
				CLANG_WARN_DEPRECATED_OBJC_IMPLEMENTATIONS = YES;
				CLANG_WARN_DIRECT_OBJC_ISA_USAGE = YES_ERROR;
				CLANG_WARN_DOCUMENTATION_COMMENTS = YES;
				CLANG_WARN_EMPTY_BODY = YES;
				CLANG_WARN_ENUM_CONVERSION = YES;
				CLANG_WARN_INFINITE_RECURSION = YES;
				CLANG_WARN_INT_CONVERSION = YES;
				CLANG_WARN_NON_LITERAL_NULL_CONVERSION = YES;
				CLANG_WARN_OBJC_IMPLICIT_RETAIN_SELF = YES;
				CLANG_WARN_OBJC_LITERAL_CONVERSION = YES;
				CLANG_WARN_OBJC_ROOT_CLASS = YES_ERROR;
				CLANG_WARN_RANGE_LOOP_ANALYSIS = YES;
				CLANG_WARN_STRICT_PROTOTYPES = YES;
				CLANG_WARN_SUSPICIOUS_MOVE = YES;
				CLANG_WARN_UNGUARDED_AVAILABILITY = YES_AGGRESSIVE;
				CLANG_WARN_UNREACHABLE_CODE = YES;
				CLANG_WARN__DUPLICATE_METHOD_MATCH = YES;
				COPY_PHASE_STRIP = NO;
				DEBUG_INFORMATION_FORMAT = "dwarf-with-dsym";
				ENABLE_NS_ASSERTIONS = NO;
				ENABLE_STRICT_OBJC_MSGSEND = YES;
				GCC_C_LANGUAGE_STANDARD = gnu11;
				GCC_NO_COMMON_BLOCKS = YES;
				GCC_WARN_64_TO_32_BIT_CONVERSION = YES;
				GCC_WARN_ABOUT_RETURN_TYPE = YES_ERROR;
				GCC_WARN_UNDECLARED_SELECTOR = YES;
				GCC_WARN_UNINITIALIZED_AUTOS = YES_AGGRESSIVE;
				GCC_WARN_UNUSED_FUNCTION = YES;
				GCC_WARN_UNUSED_VARIABLE = YES;
				IPHONEOS_DEPLOYMENT_TARGET = 13.5;
				MTL_ENABLE_DEBUG_INFO = NO;
				MTL_FAST_MATH = YES;
				SDKROOT = iphoneos;
				VALIDATE_PRODUCT = YES;
			};
			name = Release;
		};
		B57BDF4624B071B3003515E8 /* Debug */ = {
			isa = XCBuildConfiguration;
			buildSettings = {
				ASSETCATALOG_COMPILER_APPICON_NAME = AppIcon;
				CODE_SIGN_STYLE = Automatic;
				DEVELOPMENT_TEAM = 3NQPG2DCKD;
				INFOPLIST_FILE = "little-todo-ios/Info.plist";
				LD_RUNPATH_SEARCH_PATHS = (
					"$(inherited)",
					"@executable_path/Frameworks",
				);
				PRODUCT_BUNDLE_IDENTIFIER = "com.ybwdaisy.little-todo-ios";
				PRODUCT_NAME = "$(TARGET_NAME)";
				TARGETED_DEVICE_FAMILY = "1,2";
			};
			name = Debug;
		};
		B57BDF4724B071B3003515E8 /* Release */ = {
			isa = XCBuildConfiguration;
			buildSettings = {
				ASSETCATALOG_COMPILER_APPICON_NAME = AppIcon;
				CODE_SIGN_STYLE = Automatic;
				DEVELOPMENT_TEAM = 3NQPG2DCKD;
				INFOPLIST_FILE = "little-todo-ios/Info.plist";
				LD_RUNPATH_SEARCH_PATHS = (
					"$(inherited)",
					"@executable_path/Frameworks",
				);
				PRODUCT_BUNDLE_IDENTIFIER = "com.ybwdaisy.little-todo-ios";
				PRODUCT_NAME = "$(TARGET_NAME)";
				TARGETED_DEVICE_FAMILY = "1,2";
			};
			name = Release;
		};
		B57BDF4924B071B3003515E8 /* Debug */ = {
			isa = XCBuildConfiguration;
			buildSettings = {
				BUNDLE_LOADER = "$(TEST_HOST)";
				CODE_SIGN_STYLE = Automatic;
				DEVELOPMENT_TEAM = 3NQPG2DCKD;
				INFOPLIST_FILE = "little-todo-iosTests/Info.plist";
				IPHONEOS_DEPLOYMENT_TARGET = 13.5;
				LD_RUNPATH_SEARCH_PATHS = (
					"$(inherited)",
					"@executable_path/Frameworks",
					"@loader_path/Frameworks",
				);
				PRODUCT_BUNDLE_IDENTIFIER = "com.ybwdaisy.little-todo-iosTests";
				PRODUCT_NAME = "$(TARGET_NAME)";
				TARGETED_DEVICE_FAMILY = "1,2";
				TEST_HOST = "$(BUILT_PRODUCTS_DIR)/little-todo-ios.app/little-todo-ios";
			};
			name = Debug;
		};
		B57BDF4A24B071B3003515E8 /* Release */ = {
			isa = XCBuildConfiguration;
			buildSettings = {
				BUNDLE_LOADER = "$(TEST_HOST)";
				CODE_SIGN_STYLE = Automatic;
				DEVELOPMENT_TEAM = 3NQPG2DCKD;
				INFOPLIST_FILE = "little-todo-iosTests/Info.plist";
				IPHONEOS_DEPLOYMENT_TARGET = 13.5;
				LD_RUNPATH_SEARCH_PATHS = (
					"$(inherited)",
					"@executable_path/Frameworks",
					"@loader_path/Frameworks",
				);
				PRODUCT_BUNDLE_IDENTIFIER = "com.ybwdaisy.little-todo-iosTests";
				PRODUCT_NAME = "$(TARGET_NAME)";
				TARGETED_DEVICE_FAMILY = "1,2";
				TEST_HOST = "$(BUILT_PRODUCTS_DIR)/little-todo-ios.app/little-todo-ios";
			};
			name = Release;
		};
		B57BDF4C24B071B3003515E8 /* Debug */ = {
			isa = XCBuildConfiguration;
			buildSettings = {
				CODE_SIGN_STYLE = Automatic;
				DEVELOPMENT_TEAM = 3NQPG2DCKD;
				INFOPLIST_FILE = "little-todo-iosUITests/Info.plist";
				LD_RUNPATH_SEARCH_PATHS = (
					"$(inherited)",
					"@executable_path/Frameworks",
					"@loader_path/Frameworks",
				);
				PRODUCT_BUNDLE_IDENTIFIER = "com.ybwdaisy.little-todo-iosUITests";
				PRODUCT_NAME = "$(TARGET_NAME)";
				TARGETED_DEVICE_FAMILY = "1,2";
				TEST_TARGET_NAME = "little-todo-ios";
			};
			name = Debug;
		};
		B57BDF4D24B071B3003515E8 /* Release */ = {
			isa = XCBuildConfiguration;
			buildSettings = {
				CODE_SIGN_STYLE = Automatic;
				DEVELOPMENT_TEAM = 3NQPG2DCKD;
				INFOPLIST_FILE = "little-todo-iosUITests/Info.plist";
				LD_RUNPATH_SEARCH_PATHS = (
					"$(inherited)",
					"@executable_path/Frameworks",
					"@loader_path/Frameworks",
				);
				PRODUCT_BUNDLE_IDENTIFIER = "com.ybwdaisy.little-todo-iosUITests";
				PRODUCT_NAME = "$(TARGET_NAME)";
				TARGETED_DEVICE_FAMILY = "1,2";
				TEST_TARGET_NAME = "little-todo-ios";
			};
			name = Release;
		};
/* End XCBuildConfiguration section */

/* Begin XCConfigurationList section */
		B57BDF1124B071B1003515E8 /* Build configuration list for PBXProject "little-todo-ios" */ = {
			isa = XCConfigurationList;
			buildConfigurations = (
				B57BDF4324B071B3003515E8 /* Debug */,
				B57BDF4424B071B3003515E8 /* Release */,
			);
			defaultConfigurationIsVisible = 0;
			defaultConfigurationName = Release;
		};
		B57BDF4524B071B3003515E8 /* Build configuration list for PBXNativeTarget "little-todo-ios" */ = {
			isa = XCConfigurationList;
			buildConfigurations = (
				B57BDF4624B071B3003515E8 /* Debug */,
				B57BDF4724B071B3003515E8 /* Release */,
			);
			defaultConfigurationIsVisible = 0;
			defaultConfigurationName = Release;
		};
		B57BDF4824B071B3003515E8 /* Build configuration list for PBXNativeTarget "little-todo-iosTests" */ = {
			isa = XCConfigurationList;
			buildConfigurations = (
				B57BDF4924B071B3003515E8 /* Debug */,
				B57BDF4A24B071B3003515E8 /* Release */,
			);
			defaultConfigurationIsVisible = 0;
			defaultConfigurationName = Release;
		};
		B57BDF4B24B071B3003515E8 /* Build configuration list for PBXNativeTarget "little-todo-iosUITests" */ = {
			isa = XCConfigurationList;
			buildConfigurations = (
				B57BDF4C24B071B3003515E8 /* Debug */,
				B57BDF4D24B071B3003515E8 /* Release */,
			);
			defaultConfigurationIsVisible = 0;
			defaultConfigurationName = Release;
		};
/* End XCConfigurationList section */
	};
	rootObject = B57BDF0E24B071B1003515E8 /* Project object */;
}
