PODS:
  - PureLayout (3.1.9)
  - Toast (4.0.0)

DEPENDENCIES:
  - PureLayout
  - Toast (~> 4.0.0)

SPEC REPOS:
  trunk:
    - PureLayout
    - Toast

SPEC CHECKSUMS:
  PureLayout: 5fb5e5429519627d60d079ccb1eaa7265ce7cf88
  Toast: 91b396c56ee72a5790816f40d3a94dd357abc196

PODFILE CHECKSUM: b3e57ad6b4f4510b005b48750816528051e96e60

COCOAPODS: 1.11.2
