PODS:
  - FontAwesomeKit/Core (2.2.1)
  - FontAwesomeKit/FontAwesome (2.2.1):
    - FontAwesomeKit/Core

DEPENDENCIES:
  - FontAwesomeKit/FontAwesome

SPEC REPOS:
  trunk:
    - FontAwesomeKit

SPEC CHECKSUMS:
  FontAwesomeKit: 3614979b3dbb0ec3f7fac1bd760b91f66c31db67

PODFILE CHECKSUM: 11015c46137e39f2e21f9de34ba6bcadf069795a

COCOAPODS: 1.8.4
