// !$*UTF8*$!
{
	archiveVersion = 1;
	classes = {
	};
	objectVersion = 50;
	objects = {

/* Begin PBXBuildFile section */
		B5A75017251211520063758E /* AppDelegate.swift in Sources */ = {isa = PBXBuildFile; fileRef = B5A75016251211520063758E /* AppDelegate.swift */; };
		B5A75019251211520063758E /* SceneDelegate.swift in Sources */ = {isa = PBXBuildFile; fileRef = B5A75018251211520063758E /* SceneDelegate.swift */; };
		B5A7501B251211520063758E /* ContentView.swift in Sources */ = {isa = PBXBuildFile; fileRef = B5A7501A251211520063758E /* ContentView.swift */; };
		B5A7501D251211530063758E /* Assets.xcassets in Resources */ = {isa = PBXBuildFile; fileRef = B5A7501C251211530063758E /* Assets.xcassets */; };
		B5A75020251211530063758E /* Preview Assets.xcassets in Resources */ = {isa = PBXBuildFile; fileRef = B5A7501F251211530063758E /* Preview Assets.xcassets */; };
		B5A75023251211530063758E /* LaunchScreen.storyboard in Resources */ = {isa = PBXBuildFile; fileRef = B5A75021251211530063758E /* LaunchScreen.storyboard */; };
		B5A7502E251211530063758E /* littletodoswiftTests.swift in Sources */ = {isa = PBXBuildFile; fileRef = B5A7502D251211530063758E /* littletodoswiftTests.swift */; };
		B5A75039251211530063758E /* littletodoswiftUITests.swift in Sources */ = {isa = PBXBuildFile; fileRef = B5A75038251211530063758E /* littletodoswiftUITests.swift */; };
/* End PBXBuildFile section */

/* Begin PBXContainerItemProxy section */
		B5A7502A251211530063758E /* PBXContainerItemProxy */ = {
			isa = PBXContainerItemProxy;
			containerPortal = B5A7500B251211520063758E /* Project object */;
			proxyType = 1;
			remoteGlobalIDString = B5A75012251211520063758E;
			remoteInfo = littletodoswift;
		};
		B5A75035251211530063758E /* PBXContainerItemProxy */ = {
			isa = PBXContainerItemProxy;
			containerPortal = B5A7500B251211520063758E /* Project object */;
			proxyType = 1;
			remoteGlobalIDString = B5A75012251211520063758E;
			remoteInfo = littletodoswift;
		};
/* End PBXContainerItemProxy section */

/* Begin PBXFileReference section */
		B5A75013251211520063758E /* littletodoswift.app */ = {isa = PBXFileReference; explicitFileType = wrapper.application; includeInIndex = 0; path = littletodoswift.app; sourceTree = BUILT_PRODUCTS_DIR; };
		B5A75016251211520063758E /* AppDelegate.swift */ = {isa = PBXFileReference; lastKnownFileType = sourcecode.swift; path = AppDelegate.swift; sourceTree = "<group>"; };
		B5A75018251211520063758E /* SceneDelegate.swift */ = {isa = PBXFileReference; lastKnownFileType = sourcecode.swift; path = SceneDelegate.swift; sourceTree = "<group>"; };
		B5A7501A251211520063758E /* ContentView.swift */ = {isa = PBXFileReference; lastKnownFileType = sourcecode.swift; path = ContentView.swift; sourceTree = "<group>"; };
		B5A7501C251211530063758E /* Assets.xcassets */ = {isa = PBXFileReference; lastKnownFileType = folder.assetcatalog; path = Assets.xcassets; sourceTree = "<group>"; };
		B5A7501F251211530063758E /* Preview Assets.xcassets */ = {isa = PBXFileReference; lastKnownFileType = folder.assetcatalog; path = "Preview Assets.xcassets"; sourceTree = "<group>"; };
		B5A75022251211530063758E /* Base */ = {isa = PBXFileReference; lastKnownFileType = file.storyboard; name = Base; path = Base.lproj/LaunchScreen.storyboard; sourceTree = "<group>"; };
		B5A75024251211530063758E /* Info.plist */ = {isa = PBXFileReference; lastKnownFileType = text.plist.xml; path = Info.plist; sourceTree = "<group>"; };
		B5A75029251211530063758E /* littletodoswiftTests.xctest */ = {isa = PBXFileReference; explicitFileType = wrapper.cfbundle; includeInIndex = 0; path = littletodoswiftTests.xctest; sourceTree = BUILT_PRODUCTS_DIR; };
		B5A7502D251211530063758E /* littletodoswiftTests.swift */ = {isa = PBXFileReference; lastKnownFileType = sourcecode.swift; path = littletodoswiftTests.swift; sourceTree = "<group>"; };
		B5A7502F251211530063758E /* Info.plist */ = {isa = PBXFileReference; lastKnownFileType = text.plist.xml; path = Info.plist; sourceTree = "<group>"; };
		B5A75034251211530063758E /* littletodoswiftUITests.xctest */ = {isa = PBXFileReference; explicitFileType = wrapper.cfbundle; includeInIndex = 0; path = littletodoswiftUITests.xctest; sourceTree = BUILT_PRODUCTS_DIR; };
		B5A75038251211530063758E /* littletodoswiftUITests.swift */ = {isa = PBXFileReference; lastKnownFileType = sourcecode.swift; path = littletodoswiftUITests.swift; sourceTree = "<group>"; };
		B5A7503A251211530063758E /* Info.plist */ = {isa = PBXFileReference; lastKnownFileType = text.plist.xml; path = Info.plist; sourceTree = "<group>"; };
/* End PBXFileReference section */

/* Begin PBXFrameworksBuildPhase section */
		B5A75010251211520063758E /* Frameworks */ = {
			isa = PBXFrameworksBuildPhase;
			buildActionMask = 2147483647;
			files = (
			);
			runOnlyForDeploymentPostprocessing = 0;
		};
		B5A75026251211530063758E /* Frameworks */ = {
			isa = PBXFrameworksBuildPhase;
			buildActionMask = 2147483647;
			files = (
			);
			runOnlyForDeploymentPostprocessing = 0;
		};
		B5A75031251211530063758E /* Frameworks */ = {
			isa = PBXFrameworksBuildPhase;
			buildActionMask = 2147483647;
			files = (
			);
			runOnlyForDeploymentPostprocessing = 0;
		};
/* End PBXFrameworksBuildPhase section */

/* Begin PBXGroup section */
		B5A7500A251211520063758E = {
			isa = PBXGroup;
			children = (
				B5A75015251211520063758E /* littletodoswift */,
				B5A7502C251211530063758E /* littletodoswiftTests */,
				B5A75037251211530063758E /* littletodoswiftUITests */,
				B5A75014251211520063758E /* Products */,
			);
			sourceTree = "<group>";
		};
		B5A75014251211520063758E /* Products */ = {
			isa = PBXGroup;
			children = (
				B5A75013251211520063758E /* littletodoswift.app */,
				B5A75029251211530063758E /* littletodoswiftTests.xctest */,
				B5A75034251211530063758E /* littletodoswiftUITests.xctest */,
			);
			name = Products;
			sourceTree = "<group>";
		};
		B5A75015251211520063758E /* littletodoswift */ = {
			isa = PBXGroup;
			children = (
				B5A75016251211520063758E /* AppDelegate.swift */,
				B5A75018251211520063758E /* SceneDelegate.swift */,
				B5A7501A251211520063758E /* ContentView.swift */,
				B5A7501C251211530063758E /* Assets.xcassets */,
				B5A75021251211530063758E /* LaunchScreen.storyboard */,
				B5A75024251211530063758E /* Info.plist */,
				B5A7501E251211530063758E /* Preview Content */,
			);
			path = littletodoswift;
			sourceTree = "<group>";
		};
		B5A7501E251211530063758E /* Preview Content */ = {
			isa = PBXGroup;
			children = (
				B5A7501F251211530063758E /* Preview Assets.xcassets */,
			);
			path = "Preview Content";
			sourceTree = "<group>";
		};
		B5A7502C251211530063758E /* littletodoswiftTests */ = {
			isa = PBXGroup;
			children = (
				B5A7502D251211530063758E /* littletodoswiftTests.swift */,
				B5A7502F251211530063758E /* Info.plist */,
			);
			path = littletodoswiftTests;
			sourceTree = "<group>";
		};
		B5A75037251211530063758E /* littletodoswiftUITests */ = {
			isa = PBXGroup;
			children = (
				B5A75038251211530063758E /* littletodoswiftUITests.swift */,
				B5A7503A251211530063758E /* Info.plist */,
			);
			path = littletodoswiftUITests;
			sourceTree = "<group>";
		};
/* End PBXGroup section */

/* Begin PBXNativeTarget section */
		B5A75012251211520063758E /* littletodoswift */ = {
			isa = PBXNativeTarget;
			buildConfigurationList = B5A7503D251211530063758E /* Build configuration list for PBXNativeTarget "littletodoswift" */;
			buildPhases = (
				B5A7500F251211520063758E /* Sources */,
				B5A75010251211520063758E /* Frameworks */,
				B5A75011251211520063758E /* Resources */,
			);
			buildRules = (
			);
			dependencies = (
			);
			name = littletodoswift;
			productName = littletodoswift;
			productReference = B5A75013251211520063758E /* littletodoswift.app */;
			productType = "com.apple.product-type.application";
		};
		B5A75028251211530063758E /* littletodoswiftTests */ = {
			isa = PBXNativeTarget;
			buildConfigurationList = B5A75040251211530063758E /* Build configuration list for PBXNativeTarget "littletodoswiftTests" */;
			buildPhases = (
				B5A75025251211530063758E /* Sources */,
				B5A75026251211530063758E /* Frameworks */,
				B5A75027251211530063758E /* Resources */,
			);
			buildRules = (
			);
			dependencies = (
				B5A7502B251211530063758E /* PBXTargetDependency */,
			);
			name = littletodoswiftTests;
			productName = littletodoswiftTests;
			productReference = B5A75029251211530063758E /* littletodoswiftTests.xctest */;
			productType = "com.apple.product-type.bundle.unit-test";
		};
		B5A75033251211530063758E /* littletodoswiftUITests */ = {
			isa = PBXNativeTarget;
			buildConfigurationList = B5A75043251211530063758E /* Build configuration list for PBXNativeTarget "littletodoswiftUITests" */;
			buildPhases = (
				B5A75030251211530063758E /* Sources */,
				B5A75031251211530063758E /* Frameworks */,
				B5A75032251211530063758E /* Resources */,
			);
			buildRules = (
			);
			dependencies = (
				B5A75036251211530063758E /* PBXTargetDependency */,
			);
			name = littletodoswiftUITests;
			productName = littletodoswiftUITests;
			productReference = B5A75034251211530063758E /* littletodoswiftUITests.xctest */;
			productType = "com.apple.product-type.bundle.ui-testing";
		};
/* End PBXNativeTarget section */

/* Begin PBXProject section */
		B5A7500B251211520063758E /* Project object */ = {
			isa = PBXProject;
			attributes = {
				LastSwiftUpdateCheck = 1170;
				LastUpgradeCheck = 1170;
				ORGANIZATIONNAME = ybwdaisy;
				TargetAttributes = {
					B5A75012251211520063758E = {
						CreatedOnToolsVersion = 11.7;
					};
					B5A75028251211530063758E = {
						CreatedOnToolsVersion = 11.7;
						TestTargetID = B5A75012251211520063758E;
					};
					B5A75033251211530063758E = {
						CreatedOnToolsVersion = 11.7;
						TestTargetID = B5A75012251211520063758E;
					};
				};
			};
			buildConfigurationList = B5A7500E251211520063758E /* Build configuration list for PBXProject "littletodoswift" */;
			compatibilityVersion = "Xcode 9.3";
			developmentRegion = en;
			hasScannedForEncodings = 0;
			knownRegions = (
				en,
				Base,
			);
			mainGroup = B5A7500A251211520063758E;
			productRefGroup = B5A75014251211520063758E /* Products */;
			projectDirPath = "";
			projectRoot = "";
			targets = (
				B5A75012251211520063758E /* littletodoswift */,
				B5A75028251211530063758E /* littletodoswiftTests */,
				B5A75033251211530063758E /* littletodoswiftUITests */,
			);
		};
/* End PBXProject section */

/* Begin PBXResourcesBuildPhase section */
		B5A75011251211520063758E /* Resources */ = {
			isa = PBXResourcesBuildPhase;
			buildActionMask = 2147483647;
			files = (
				B5A75023251211530063758E /* LaunchScreen.storyboard in Resources */,
				B5A75020251211530063758E /* Preview Assets.xcassets in Resources */,
				B5A7501D251211530063758E /* Assets.xcassets in Resources */,
			);
			runOnlyForDeploymentPostprocessing = 0;
		};
		B5A75027251211530063758E /* Resources */ = {
			isa = PBXResourcesBuildPhase;
			buildActionMask = 2147483647;
			files = (
			);
			runOnlyForDeploymentPostprocessing = 0;
		};
		B5A75032251211530063758E /* Resources */ = {
			isa = PBXResourcesBuildPhase;
			buildActionMask = 2147483647;
			files = (
			);
			runOnlyForDeploymentPostprocessing = 0;
		};
/* End PBXResourcesBuildPhase section */

/* Begin PBXSourcesBuildPhase section */
		B5A7500F251211520063758E /* Sources */ = {
			isa = PBXSourcesBuildPhase;
			buildActionMask = 2147483647;
			files = (
				B5A75017251211520063758E /* AppDelegate.swift in Sources */,
				B5A75019251211520063758E /* SceneDelegate.swift in Sources */,
				B5A7501B251211520063758E /* ContentView.swift in Sources */,
			);
			runOnlyForDeploymentPostprocessing = 0;
		};
		B5A75025251211530063758E /* Sources */ = {
			isa = PBXSourcesBuildPhase;
			buildActionMask = 2147483647;
			files = (
				B5A7502E251211530063758E /* littletodoswiftTests.swift in Sources */,
			);
			runOnlyForDeploymentPostprocessing = 0;
		};
		B5A75030251211530063758E /* Sources */ = {
			isa = PBXSourcesBuildPhase;
			buildActionMask = 2147483647;
			files = (
				B5A75039251211530063758E /* littletodoswiftUITests.swift in Sources */,
			);
			runOnlyForDeploymentPostprocessing = 0;
		};
/* End PBXSourcesBuildPhase section */

/* Begin PBXTargetDependency section */
		B5A7502B251211530063758E /* PBXTargetDependency */ = {
			isa = PBXTargetDependency;
			target = B5A75012251211520063758E /* littletodoswift */;
			targetProxy = B5A7502A251211530063758E /* PBXContainerItemProxy */;
		};
		B5A75036251211530063758E /* PBXTargetDependency */ = {
			isa = PBXTargetDependency;
			target = B5A75012251211520063758E /* littletodoswift */;
			targetProxy = B5A75035251211530063758E /* PBXContainerItemProxy */;
		};
/* End PBXTargetDependency section */

/* Begin PBXVariantGroup section */
		B5A75021251211530063758E /* LaunchScreen.storyboard */ = {
			isa = PBXVariantGroup;
			children = (
				B5A75022251211530063758E /* Base */,
			);
			name = LaunchScreen.storyboard;
			sourceTree = "<group>";
		};
/* End PBXVariantGroup section */

/* Begin XCBuildConfiguration section */
		B5A7503B251211530063758E /* Debug */ = {
			isa = XCBuildConfiguration;
			buildSettings = {
				ALWAYS_SEARCH_USER_PATHS = NO;
				CLANG_ANALYZER_NONNULL = YES;
				CLANG_ANALYZER_NUMBER_OBJECT_CONVERSION = YES_AGGRESSIVE;
				CLANG_CXX_LANGUAGE_STANDARD = "gnu++14";
				CLANG_CXX_LIBRARY = "libc++";
				CLANG_ENABLE_MODULES = YES;
				CLANG_ENABLE_OBJC_ARC = YES;
				CLANG_ENABLE_OBJC_WEAK = YES;
				CLANG_WARN_BLOCK_CAPTURE_AUTORELEASING = YES;
				CLANG_WARN_BOOL_CONVERSION = YES;
				CLANG_WARN_COMMA = YES;
				CLANG_WARN_CONSTANT_CONVERSION = YES;
				CLANG_WARN_DEPRECATED_OBJC_IMPLEMENTATIONS = YES;
				CLANG_WARN_DIRECT_OBJC_ISA_USAGE = YES_ERROR;
				CLANG_WARN_DOCUMENTATION_COMMENTS = YES;
				CLANG_WARN_EMPTY_BODY = YES;
				CLANG_WARN_ENUM_CONVERSION = YES;
				CLANG_WARN_INFINITE_RECURSION = YES;
				CLANG_WARN_INT_CONVERSION = YES;
				CLANG_WARN_NON_LITERAL_NULL_CONVERSION = YES;
				CLANG_WARN_OBJC_IMPLICIT_RETAIN_SELF = YES;
				CLANG_WARN_OBJC_LITERAL_CONVERSION = YES;
				CLANG_WARN_OBJC_ROOT_CLASS = YES_ERROR;
				CLANG_WARN_RANGE_LOOP_ANALYSIS = YES;
				CLANG_WARN_STRICT_PROTOTYPES = YES;
				CLANG_WARN_SUSPICIOUS_MOVE = YES;
				CLANG_WARN_UNGUARDED_AVAILABILITY = YES_AGGRESSIVE;
				CLANG_WARN_UNREACHABLE_CODE = YES;
				CLANG_WARN__DUPLICATE_METHOD_MATCH = YES;
				COPY_PHASE_STRIP = NO;
				DEBUG_INFORMATION_FORMAT = dwarf;
				ENABLE_STRICT_OBJC_MSGSEND = YES;
				ENABLE_TESTABILITY = YES;
				GCC_C_LANGUAGE_STANDARD = gnu11;
				GCC_DYNAMIC_NO_PIC = NO;
				GCC_NO_COMMON_BLOCKS = YES;
				GCC_OPTIMIZATION_LEVEL = 0;
				GCC_PREPROCESSOR_DEFINITIONS = (
					"DEBUG=1",
					"$(inherited)",
				);
				GCC_WARN_64_TO_32_BIT_CONVERSION = YES;
				GCC_WARN_ABOUT_RETURN_TYPE = YES_ERROR;
				GCC_WARN_UNDECLARED_SELECTOR = YES;
				GCC_WARN_UNINITIALIZED_AUTOS = YES_AGGRESSIVE;
				GCC_WARN_UNUSED_FUNCTION = YES;
				GCC_WARN_UNUSED_VARIABLE = YES;
				IPHONEOS_DEPLOYMENT_TARGET = 13.7;
				MTL_ENABLE_DEBUG_INFO = INCLUDE_SOURCE;
				MTL_FAST_MATH = YES;
				ONLY_ACTIVE_ARCH = YES;
				SDKROOT = iphoneos;
				SWIFT_ACTIVE_COMPILATION_CONDITIONS = DEBUG;
				SWIFT_OPTIMIZATION_LEVEL = "-Onone";
			};
			name = Debug;
		};
		B5A7503C251211530063758E /* Release */ = {
			isa = XCBuildConfiguration;
			buildSettings = {
				ALWAYS_SEARCH_USER_PATHS = NO;
				CLANG_ANALYZER_NONNULL = YES;
				CLANG_ANALYZER_NUMBER_OBJECT_CONVERSION = YES_AGGRESSIVE;
				CLANG_CXX_LANGUAGE_STANDARD = "gnu++14";
				CLANG_CXX_LIBRARY = "libc++";
				CLANG_ENABLE_MODULES = YES;
				CLANG_ENABLE_OBJC_ARC = YES;
				CLANG_ENABLE_OBJC_WEAK = YES;
				CLANG_WARN_BLOCK_CAPTURE_AUTORELEASING = YES;
				CLANG_WARN_BOOL_CONVERSION = YES;
				CLANG_WARN_COMMA = YES;
				CLANG_WARN_CONSTANT_CONVERSION = YES;
				CLANG_WARN_DEPRECATED_OBJC_IMPLEMENTATIONS = YES;
				CLANG_WARN_DIRECT_OBJC_ISA_USAGE = YES_ERROR;
				CLANG_WARN_DOCUMENTATION_COMMENTS = YES;
				CLANG_WARN_EMPTY_BODY = YES;
				CLANG_WARN_ENUM_CONVERSION = YES;
				CLANG_WARN_INFINITE_RECURSION = YES;
				CLANG_WARN_INT_CONVERSION = YES;
				CLANG_WARN_NON_LITERAL_NULL_CONVERSION = YES;
				CLANG_WARN_OBJC_IMPLICIT_RETAIN_SELF = YES;
				CLANG_WARN_OBJC_LITERAL_CONVERSION = YES;
				CLANG_WARN_OBJC_ROOT_CLASS = YES_ERROR;
				CLANG_WARN_RANGE_LOOP_ANALYSIS = YES;
				CLANG_WARN_STRICT_PROTOTYPES = YES;
				CLANG_WARN_SUSPICIOUS_MOVE = YES;
				CLANG_WARN_UNGUARDED_AVAILABILITY = YES_AGGRESSIVE;
				CLANG_WARN_UNREACHABLE_CODE = YES;
				CLANG_WARN__DUPLICATE_METHOD_MATCH = YES;
				COPY_PHASE_STRIP = NO;
				DEBUG_INFORMATION_FORMAT = "dwarf-with-dsym";
				ENABLE_NS_ASSERTIONS = NO;
				ENABLE_STRICT_OBJC_MSGSEND = YES;
				GCC_C_LANGUAGE_STANDARD = gnu11;
				GCC_NO_COMMON_BLOCKS = YES;
				GCC_WARN_64_TO_32_BIT_CONVERSION = YES;
				GCC_WARN_ABOUT_RETURN_TYPE = YES_ERROR;
				GCC_WARN_UNDECLARED_SELECTOR = YES;
				GCC_WARN_UNINITIALIZED_AUTOS = YES_AGGRESSIVE;
				GCC_WARN_UNUSED_FUNCTION = YES;
				GCC_WARN_UNUSED_VARIABLE = YES;
				IPHONEOS_DEPLOYMENT_TARGET = 13.7;
				MTL_ENABLE_DEBUG_INFO = NO;
				MTL_FAST_MATH = YES;
				SDKROOT = iphoneos;
				SWIFT_COMPILATION_MODE = wholemodule;
				SWIFT_OPTIMIZATION_LEVEL = "-O";
				VALIDATE_PRODUCT = YES;
			};
			name = Release;
		};
		B5A7503E251211530063758E /* Debug */ = {
			isa = XCBuildConfiguration;
			buildSettings = {
				ASSETCATALOG_COMPILER_APPICON_NAME = AppIcon;
				CODE_SIGN_STYLE = Automatic;
				DEVELOPMENT_ASSET_PATHS = "\"littletodoswift/Preview Content\"";
				DEVELOPMENT_TEAM = 3NQPG2DCKD;
				ENABLE_PREVIEWS = YES;
				INFOPLIST_FILE = littletodoswift/Info.plist;
				LD_RUNPATH_SEARCH_PATHS = (
					"$(inherited)",
					"@executable_path/Frameworks",
				);
				PRODUCT_BUNDLE_IDENTIFIER = com.ybwdaisy.littletodoswift;
				PRODUCT_NAME = "$(TARGET_NAME)";
				SWIFT_VERSION = 5.0;
				TARGETED_DEVICE_FAMILY = "1,2";
			};
			name = Debug;
		};
		B5A7503F251211530063758E /* Release */ = {
			isa = XCBuildConfiguration;
			buildSettings = {
				ASSETCATALOG_COMPILER_APPICON_NAME = AppIcon;
				CODE_SIGN_STYLE = Automatic;
				DEVELOPMENT_ASSET_PATHS = "\"littletodoswift/Preview Content\"";
				DEVELOPMENT_TEAM = 3NQPG2DCKD;
				ENABLE_PREVIEWS = YES;
				INFOPLIST_FILE = littletodoswift/Info.plist;
				LD_RUNPATH_SEARCH_PATHS = (
					"$(inherited)",
					"@executable_path/Frameworks",
				);
				PRODUCT_BUNDLE_IDENTIFIER = com.ybwdaisy.littletodoswift;
				PRODUCT_NAME = "$(TARGET_NAME)";
				SWIFT_VERSION = 5.0;
				TARGETED_DEVICE_FAMILY = "1,2";
			};
			name = Release;
		};
		B5A75041251211530063758E /* Debug */ = {
			isa = XCBuildConfiguration;
			buildSettings = {
				ALWAYS_EMBED_SWIFT_STANDARD_LIBRARIES = YES;
				BUNDLE_LOADER = "$(TEST_HOST)";
				CODE_SIGN_STYLE = Automatic;
				DEVELOPMENT_TEAM = 3NQPG2DCKD;
				INFOPLIST_FILE = littletodoswiftTests/Info.plist;
				IPHONEOS_DEPLOYMENT_TARGET = 13.7;
				LD_RUNPATH_SEARCH_PATHS = (
					"$(inherited)",
					"@executable_path/Frameworks",
					"@loader_path/Frameworks",
				);
				PRODUCT_BUNDLE_IDENTIFIER = com.ybwdaisy.littletodoswiftTests;
				PRODUCT_NAME = "$(TARGET_NAME)";
				SWIFT_VERSION = 5.0;
				TARGETED_DEVICE_FAMILY = "1,2";
				TEST_HOST = "$(BUILT_PRODUCTS_DIR)/littletodoswift.app/littletodoswift";
			};
			name = Debug;
		};
		B5A75042251211530063758E /* Release */ = {
			isa = XCBuildConfiguration;
			buildSettings = {
				ALWAYS_EMBED_SWIFT_STANDARD_LIBRARIES = YES;
				BUNDLE_LOADER = "$(TEST_HOST)";
				CODE_SIGN_STYLE = Automatic;
				DEVELOPMENT_TEAM = 3NQPG2DCKD;
				INFOPLIST_FILE = littletodoswiftTests/Info.plist;
				IPHONEOS_DEPLOYMENT_TARGET = 13.7;
				LD_RUNPATH_SEARCH_PATHS = (
					"$(inherited)",
					"@executable_path/Frameworks",
					"@loader_path/Frameworks",
				);
				PRODUCT_BUNDLE_IDENTIFIER = com.ybwdaisy.littletodoswiftTests;
				PRODUCT_NAME = "$(TARGET_NAME)";
				SWIFT_VERSION = 5.0;
				TARGETED_DEVICE_FAMILY = "1,2";
				TEST_HOST = "$(BUILT_PRODUCTS_DIR)/littletodoswift.app/littletodoswift";
			};
			name = Release;
		};
		B5A75044251211530063758E /* Debug */ = {
			isa = XCBuildConfiguration;
			buildSettings = {
				ALWAYS_EMBED_SWIFT_STANDARD_LIBRARIES = YES;
				CODE_SIGN_STYLE = Automatic;
				DEVELOPMENT_TEAM = 3NQPG2DCKD;
				INFOPLIST_FILE = littletodoswiftUITests/Info.plist;
				LD_RUNPATH_SEARCH_PATHS = (
					"$(inherited)",
					"@executable_path/Frameworks",
					"@loader_path/Frameworks",
				);
				PRODUCT_BUNDLE_IDENTIFIER = com.ybwdaisy.littletodoswiftUITests;
				PRODUCT_NAME = "$(TARGET_NAME)";
				SWIFT_VERSION = 5.0;
				TARGETED_DEVICE_FAMILY = "1,2";
				TEST_TARGET_NAME = littletodoswift;
			};
			name = Debug;
		};
		B5A75045251211530063758E /* Release */ = {
			isa = XCBuildConfiguration;
			buildSettings = {
				ALWAYS_EMBED_SWIFT_STANDARD_LIBRARIES = YES;
				CODE_SIGN_STYLE = Automatic;
				DEVELOPMENT_TEAM = 3NQPG2DCKD;
				INFOPLIST_FILE = littletodoswiftUITests/Info.plist;
				LD_RUNPATH_SEARCH_PATHS = (
					"$(inherited)",
					"@executable_path/Frameworks",
					"@loader_path/Frameworks",
				);
				PRODUCT_BUNDLE_IDENTIFIER = com.ybwdaisy.littletodoswiftUITests;
				PRODUCT_NAME = "$(TARGET_NAME)";
				SWIFT_VERSION = 5.0;
				TARGETED_DEVICE_FAMILY = "1,2";
				TEST_TARGET_NAME = littletodoswift;
			};
			name = Release;
		};
/* End XCBuildConfiguration section */

/* Begin XCConfigurationList section */
		B5A7500E251211520063758E /* Build configuration list for PBXProject "littletodoswift" */ = {
			isa = XCConfigurationList;
			buildConfigurations = (
				B5A7503B251211530063758E /* Debug */,
				B5A7503C251211530063758E /* Release */,
			);
			defaultConfigurationIsVisible = 0;
			defaultConfigurationName = Release;
		};
		B5A7503D251211530063758E /* Build configuration list for PBXNativeTarget "littletodoswift" */ = {
			isa = XCConfigurationList;
			buildConfigurations = (
				B5A7503E251211530063758E /* Debug */,
				B5A7503F251211530063758E /* Release */,
			);
			defaultConfigurationIsVisible = 0;
			defaultConfigurationName = Release;
		};
		B5A75040251211530063758E /* Build configuration list for PBXNativeTarget "littletodoswiftTests" */ = {
			isa = XCConfigurationList;
			buildConfigurations = (
				B5A75041251211530063758E /* Debug */,
				B5A75042251211530063758E /* Release */,
			);
			defaultConfigurationIsVisible = 0;
			defaultConfigurationName = Release;
		};
		B5A75043251211530063758E /* Build configuration list for PBXNativeTarget "littletodoswiftUITests" */ = {
			isa = XCConfigurationList;
			buildConfigurations = (
				B5A75044251211530063758E /* Debug */,
				B5A75045251211530063758E /* Release */,
			);
			defaultConfigurationIsVisible = 0;
			defaultConfigurationName = Release;
		};
/* End XCConfigurationList section */
	};
	rootObject = B5A7500B251211520063758E /* Project object */;
}
